// !$*UTF8*$!
{
	archiveVersion = 1;
	classes = {
	};
	objectVersion = 56;
	objects = {

/* Begin PBXBuildFile section */
		4F9C23FD29E8DE2F0032E3BD /* AppDelegate.m in Sources */ = {isa = PBXBuildFile; fileRef = 4F9C23FC29E8DE2F0032E3BD /* AppDelegate.m */; };
		4F9C240029E8DE2F0032E3BD /* SceneDelegate.m in Sources */ = {isa = PBXBuildFile; fileRef = 4F9C23FF29E8DE2F0032E3BD /* SceneDelegate.m */; };
		4F9C240329E8DE2F0032E3BD /* ViewController.m in Sources */ = {isa = PBXBuildFile; fileRef = 4F9C240229E8DE2F0032E3BD /* ViewController.m */; };
		4F9C240629E8DE2F0032E3BD /* Main.storyboard in Resources */ = {isa = PBXBuildFile; fileRef = 4F9C240429E8DE2F0032E3BD /* Main.storyboard */; };
		4F9C240829E8DE300032E3BD /* Assets.xcassets in Resources */ = {isa = PBXBuildFile; fileRef = 4F9C240729E8DE300032E3BD /* Assets.xcassets */; };
		4F9C240B29E8DE300032E3BD /* LaunchScreen.storyboard in Resources */ = {isa = PBXBuildFile; fileRef = 4F9C240929E8DE300032E3BD /* LaunchScreen.storyboard */; };
		4F9C240E29E8DE300032E3BD /* main.m in Sources */ = {isa = PBXBuildFile; fileRef = 4F9C240D29E8DE300032E3BD /* main.m */; };
		4F9C241629E8DE5D0032E3BD /* MathLibrary.m in Sources */ = {isa = PBXBuildFile; fileRef = 4F9C241529E8DE5D0032E3BD /* MathLibrary.m */; };
		4F9C241929E8DF1B0032E3BD /* Renderer.m in Sources */ = {isa = PBXBuildFile; fileRef = 4F9C241829E8DF1B0032E3BD /* Renderer.m */; };
		4F9C241D29E8E7180032E3BD /* Transform.m in Sources */ = {isa = PBXBuildFile; fileRef = 4F9C241C29E8E7180032E3BD /* Transform.m */; };
		4F9C242029E8E7210032E3BD /* Model.m in Sources */ = {isa = PBXBuildFile; fileRef = 4F9C241F29E8E7210032E3BD /* Model.m */; };
		4F9C242329E8E8160032E3BD /* MDLVertexDescriptor+Category.m in Sources */ = {isa = PBXBuildFile; fileRef = 4F9C242129E8E8150032E3BD /* MDLVertexDescriptor+Category.m */; };
		4F9C244E29E8F5910032E3BD /* Vertex.metal in Sources */ = {isa = PBXBuildFile; fileRef = 4F9C244D29E8F5910032E3BD /* Vertex.metal */; };
		4F9C245029E8F8590032E3BD /* Fragment.metal in Sources */ = {isa = PBXBuildFile; fileRef = 4F9C244F29E8F8590032E3BD /* Fragment.metal */; };
		4F9C245229E8F89F0032E3BD /* train.usd in Resources */ = {isa = PBXBuildFile; fileRef = 4F9C245129E8F89F0032E3BD /* train.usd */; };
/* End PBXBuildFile section */

/* Begin PBXFileReference section */
		4F9C23F829E8DE2F0032E3BD /* Chapter7.app */ = {isa = PBXFileReference; explicitFileType = wrapper.application; includeInIndex = 0; path = Chapter7.app; sourceTree = BUILT_PRODUCTS_DIR; };
		4F9C23FB29E8DE2F0032E3BD /* AppDelegate.h */ = {isa = PBXFileReference; lastKnownFileType = sourcecode.c.h; path = AppDelegate.h; sourceTree = "<group>"; };
		4F9C23FC29E8DE2F0032E3BD /* AppDelegate.m */ = {isa = PBXFileReference; lastKnownFileType = sourcecode.c.objc; path = AppDelegate.m; sourceTree = "<group>"; };
		4F9C23FE29E8DE2F0032E3BD /* SceneDelegate.h */ = {isa = PBXFileReference; lastKnownFileType = sourcecode.c.h; path = SceneDelegate.h; sourceTree = "<group>"; };
		4F9C23FF29E8DE2F0032E3BD /* SceneDelegate.m */ = {isa = PBXFileReference; lastKnownFileType = sourcecode.c.objc; path = SceneDelegate.m; sourceTree = "<group>"; };
		4F9C240129E8DE2F0032E3BD /* ViewController.h */ = {isa = PBXFileReference; lastKnownFileType = sourcecode.c.h; path = ViewController.h; sourceTree = "<group>"; };
		4F9C240229E8DE2F0032E3BD /* ViewController.m */ = {isa = PBXFileReference; lastKnownFileType = sourcecode.c.objc; path = ViewController.m; sourceTree = "<group>"; };
		4F9C240529E8DE2F0032E3BD /* Base */ = {isa = PBXFileReference; lastKnownFileType = file.storyboard; name = Base; path = Base.lproj/Main.storyboard; sourceTree = "<group>"; };
		4F9C240729E8DE300032E3BD /* Assets.xcassets */ = {isa = PBXFileReference; lastKnownFileType = folder.assetcatalog; path = Assets.xcassets; sourceTree = "<group>"; };
		4F9C240A29E8DE300032E3BD /* Base */ = {isa = PBXFileReference; lastKnownFileType = file.storyboard; name = Base; path = Base.lproj/LaunchScreen.storyboard; sourceTree = "<group>"; };
		4F9C240C29E8DE300032E3BD /* Info.plist */ = {isa = PBXFileReference; lastKnownFileType = text.plist.xml; path = Info.plist; sourceTree = "<group>"; };
		4F9C240D29E8DE300032E3BD /* main.m */ = {isa = PBXFileReference; lastKnownFileType = sourcecode.c.objc; path = main.m; sourceTree = "<group>"; };
		4F9C241429E8DE5D0032E3BD /* MathLibrary.h */ = {isa = PBXFileReference; fileEncoding = 4; lastKnownFileType = sourcecode.c.h; path = MathLibrary.h; sourceTree = "<group>"; };
		4F9C241529E8DE5D0032E3BD /* MathLibrary.m */ = {isa = PBXFileReference; fileEncoding = 4; lastKnownFileType = sourcecode.c.objc; path = MathLibrary.m; sourceTree = "<group>"; };
		4F9C241729E8DF1B0032E3BD /* Renderer.h */ = {isa = PBXFileReference; lastKnownFileType = sourcecode.c.h; path = Renderer.h; sourceTree = "<group>"; };
		4F9C241829E8DF1B0032E3BD /* Renderer.m */ = {isa = PBXFileReference; lastKnownFileType = sourcecode.c.objc; path = Renderer.m; sourceTree = "<group>"; };
		4F9C241A29E8E2000032E3BD /* Options.h */ = {isa = PBXFileReference; lastKnownFileType = sourcecode.c.h; path = Options.h; sourceTree = "<group>"; };
		4F9C241B29E8E7180032E3BD /* Transform.h */ = {isa = PBXFileReference; fileEncoding = 4; lastKnownFileType = sourcecode.c.h; path = Transform.h; sourceTree = "<group>"; };
		4F9C241C29E8E7180032E3BD /* Transform.m */ = {isa = PBXFileReference; fileEncoding = 4; lastKnownFileType = sourcecode.c.objc; path = Transform.m; sourceTree = "<group>"; };
		4F9C241E29E8E7210032E3BD /* Model.h */ = {isa = PBXFileReference; lastKnownFileType = sourcecode.c.h; path = Model.h; sourceTree = "<group>"; };
		4F9C241F29E8E7210032E3BD /* Model.m */ = {isa = PBXFileReference; lastKnownFileType = sourcecode.c.objc; path = Model.m; sourceTree = "<group>"; };
		4F9C242129E8E8150032E3BD /* MDLVertexDescriptor+Category.m */ = {isa = PBXFileReference; fileEncoding = 4; lastKnownFileType = sourcecode.c.objc; path = "MDLVertexDescriptor+Category.m"; sourceTree = "<group>"; };
		4F9C242229E8E8160032E3BD /* MDLVertexDescriptor+Category.h */ = {isa = PBXFileReference; fileEncoding = 4; lastKnownFileType = sourcecode.c.h; path = "MDLVertexDescriptor+Category.h"; sourceTree = "<group>"; };
		4F9C242429E8EB5D0032E3BD /* Common.h */ = {isa = PBXFileReference; lastKnownFileType = sourcecode.c.h; path = Common.h; sourceTree = "<group>"; };
		4F9C244D29E8F5910032E3BD /* Vertex.metal */ = {isa = PBXFileReference; lastKnownFileType = sourcecode.metal; path = Vertex.metal; sourceTree = "<group>"; };
		4F9C244F29E8F8590032E3BD /* Fragment.metal */ = {isa = PBXFileReference; lastKnownFileType = sourcecode.metal; path = Fragment.metal; sourceTree = "<group>"; };
		4F9C245129E8F89F0032E3BD /* train.usd */ = {isa = PBXFileReference; lastKnownFileType = file; path = train.usd; sourceTree = "<group>"; };
/* End PBXFileReference section */

/* Begin PBXFrameworksBuildPhase section */
		4F9C23F529E8DE2F0032E3BD /* Frameworks */ = {
			isa = PBXFrameworksBuildPhase;
			buildActionMask = 2147483647;
			files = (
			);
			runOnlyForDeploymentPostprocessing = 0;
		};
/* End PBXFrameworksBuildPhase section */

/* Begin PBXGroup section */
		4F9C23EF29E8DE2F0032E3BD = {
			isa = PBXGroup;
			children = (
				4F9C23FA29E8DE2F0032E3BD /* Chapter7 */,
				4F9C23F929E8DE2F0032E3BD /* Products */,
			);
			sourceTree = "<group>";
		};
		4F9C23F929E8DE2F0032E3BD /* Products */ = {
			isa = PBXGroup;
			children = (
				4F9C23F829E8DE2F0032E3BD /* Chapter7.app */,
			);
			name = Products;
			sourceTree = "<group>";
		};
		4F9C23FA29E8DE2F0032E3BD /* Chapter7 */ = {
			isa = PBXGroup;
			children = (
				4F9C23FB29E8DE2F0032E3BD /* AppDelegate.h */,
				4F9C23FC29E8DE2F0032E3BD /* AppDelegate.m */,
				4F9C23FE29E8DE2F0032E3BD /* SceneDelegate.h */,
				4F9C23FF29E8DE2F0032E3BD /* SceneDelegate.m */,
				4F9C240129E8DE2F0032E3BD /* ViewController.h */,
				4F9C240229E8DE2F0032E3BD /* ViewController.m */,
				4F9C240429E8DE2F0032E3BD /* Main.storyboard */,
				4F9C240729E8DE300032E3BD /* Assets.xcassets */,
				4F9C240929E8DE300032E3BD /* LaunchScreen.storyboard */,
				4F9C240C29E8DE300032E3BD /* Info.plist */,
				4F9C240D29E8DE300032E3BD /* main.m */,
				4F9C241429E8DE5D0032E3BD /* MathLibrary.h */,
				4F9C241529E8DE5D0032E3BD /* MathLibrary.m */,
				4F9C241729E8DF1B0032E3BD /* Renderer.h */,
				4F9C241829E8DF1B0032E3BD /* Renderer.m */,
				4F9C241B29E8E7180032E3BD /* Transform.h */,
				4F9C241C29E8E7180032E3BD /* Transform.m */,
				4F9C241E29E8E7210032E3BD /* Model.h */,
				4F9C241F29E8E7210032E3BD /* Model.m */,
				4F9C242229E8E8160032E3BD /* MDLVertexDescriptor+Category.h */,
				4F9C242129E8E8150032E3BD /* MDLVertexDescriptor+Category.m */,
				4F9C241A29E8E2000032E3BD /* Options.h */,
				4F9C242429E8EB5D0032E3BD /* Common.h */,
				4F9C244D29E8F5910032E3BD /* Vertex.metal */,
				4F9C244F29E8F8590032E3BD /* Fragment.metal */,
				4F9C245129E8F89F0032E3BD /* train.usd */,
			);
			path = Chapter7;
			sourceTree = "<group>";
		};
/* End PBXGroup section */

/* Begin PBXNativeTarget section */
		4F9C23F729E8DE2F0032E3BD /* Chapter7 */ = {
			isa = PBXNativeTarget;
			buildConfigurationList = 4F9C241129E8DE300032E3BD /* Build configuration list for PBXNativeTarget "Chapter7" */;
			buildPhases = (
				4F9C23F429E8DE2F0032E3BD /* Sources */,
				4F9C23F529E8DE2F0032E3BD /* Frameworks */,
				4F9C23F629E8DE2F0032E3BD /* Resources */,
			);
			buildRules = (
			);
			dependencies = (
			);
			name = Chapter7;
			productName = Chapter7;
			productReference = 4F9C23F829E8DE2F0032E3BD /* Chapter7.app */;
			productType = "com.apple.product-type.application";
		};
/* End PBXNativeTarget section */

/* Begin PBXProject section */
		4F9C23F029E8DE2F0032E3BD /* Project object */ = {
			isa = PBXProject;
			attributes = {
				BuildIndependentTargetsInParallel = 1;
				LastUpgradeCheck = 1430;
				TargetAttributes = {
					4F9C23F729E8DE2F0032E3BD = {
						CreatedOnToolsVersion = 14.3;
					};
				};
			};
			buildConfigurationList = 4F9C23F329E8DE2F0032E3BD /* Build configuration list for PBXProject "Chapter7" */;
			compatibilityVersion = "Xcode 14.0";
			developmentRegion = en;
			hasScannedForEncodings = 0;
			knownRegions = (
				en,
				Base,
			);
			mainGroup = 4F9C23EF29E8DE2F0032E3BD;
			productRefGroup = 4F9C23F929E8DE2F0032E3BD /* Products */;
			projectDirPath = "";
			projectRoot = "";
			targets = (
				4F9C23F729E8DE2F0032E3BD /* Chapter7 */,
			);
		};
/* End PBXProject section */

/* Begin PBXResourcesBuildPhase section */
		4F9C23F629E8DE2F0032E3BD /* Resources */ = {
			isa = PBXResourcesBuildPhase;
			buildActionMask = 2147483647;
			files = (
				4F9C240B29E8DE300032E3BD /* LaunchScreen.storyboard in Resources */,
				4F9C245229E8F89F0032E3BD /* train.usd in Resources */,
				4F9C240829E8DE300032E3BD /* Assets.xcassets in Resources */,
				4F9C240629E8DE2F0032E3BD /* Main.storyboard in Resources */,
			);
			runOnlyForDeploymentPostprocessing = 0;
		};
/* End PBXResourcesBuildPhase section */

/* Begin PBXSourcesBuildPhase section */
		4F9C23F429E8DE2F0032E3BD /* Sources */ = {
			isa = PBXSourcesBuildPhase;
			buildActionMask = 2147483647;
			files = (
				4F9C241D29E8E7180032E3BD /* Transform.m in Sources */,
				4F9C240329E8DE2F0032E3BD /* ViewController.m in Sources */,
				4F9C23FD29E8DE2F0032E3BD /* AppDelegate.m in Sources */,
				4F9C245029E8F8590032E3BD /* Fragment.metal in Sources */,
				4F9C242029E8E7210032E3BD /* Model.m in Sources */,
				4F9C241929E8DF1B0032E3BD /* Renderer.m in Sources */,
				4F9C242329E8E8160032E3BD /* MDLVertexDescriptor+Category.m in Sources */,
				4F9C240E29E8DE300032E3BD /* main.m in Sources */,
				4F9C244E29E8F5910032E3BD /* Vertex.metal in Sources */,
				4F9C241629E8DE5D0032E3BD /* MathLibrary.m in Sources */,
				4F9C240029E8DE2F0032E3BD /* SceneDelegate.m in Sources */,
			);
			runOnlyForDeploymentPostprocessing = 0;
		};
/* End PBXSourcesBuildPhase section */

/* Begin PBXVariantGroup section */
		4F9C240429E8DE2F0032E3BD /* Main.storyboard */ = {
			isa = PBXVariantGroup;
			children = (
				4F9C240529E8DE2F0032E3BD /* Base */,
			);
			name = Main.storyboard;
			sourceTree = "<group>";
		};
		4F9C240929E8DE300032E3BD /* LaunchScreen.storyboard */ = {
			isa = PBXVariantGroup;
			children = (
				4F9C240A29E8DE300032E3BD /* Base */,
			);
			name = LaunchScreen.storyboard;
			sourceTree = "<group>";
		};
/* End PBXVariantGroup section */

/* Begin XCBuildConfiguration section */
		4F9C240F29E8DE300032E3BD /* Debug */ = {
			isa = XCBuildConfiguration;
			buildSettings = {
				ALWAYS_SEARCH_USER_PATHS = NO;
				CLANG_ANALYZER_NONNULL = YES;
				CLANG_ANALYZER_NUMBER_OBJECT_CONVERSION = YES_AGGRESSIVE;
				CLANG_CXX_LANGUAGE_STANDARD = "gnu++20";
				CLANG_ENABLE_MODULES = YES;
				CLANG_ENABLE_OBJC_ARC = YES;
				CLANG_ENABLE_OBJC_WEAK = YES;
				CLANG_WARN_BLOCK_CAPTURE_AUTORELEASING = YES;
				CLANG_WARN_BOOL_CONVERSION = YES;
				CLANG_WARN_COMMA = YES;
				CLANG_WARN_CONSTANT_CONVERSION = YES;
				CLANG_WARN_DEPRECATED_OBJC_IMPLEMENTATIONS = YES;
				CLANG_WARN_DIRECT_OBJC_ISA_USAGE = YES_ERROR;
				CLANG_WARN_DOCUMENTATION_COMMENTS = YES;
				CLANG_WARN_EMPTY_BODY = YES;
				CLANG_WARN_ENUM_CONVERSION = YES;
				CLANG_WARN_INFINITE_RECURSION = YES;
				CLANG_WARN_INT_CONVERSION = YES;
				CLANG_WARN_NON_LITERAL_NULL_CONVERSION = YES;
				CLANG_WARN_OBJC_IMPLICIT_RETAIN_SELF = YES;
				CLANG_WARN_OBJC_LITERAL_CONVERSION = YES;
				CLANG_WARN_OBJC_ROOT_CLASS = YES_ERROR;
				CLANG_WARN_QUOTED_INCLUDE_IN_FRAMEWORK_HEADER = YES;
				CLANG_WARN_RANGE_LOOP_ANALYSIS = YES;
				CLANG_WARN_STRICT_PROTOTYPES = YES;
				CLANG_WARN_SUSPICIOUS_MOVE = YES;
				CLANG_WARN_UNGUARDED_AVAILABILITY = YES_AGGRESSIVE;
				CLANG_WARN_UNREACHABLE_CODE = YES;
				CLANG_WARN__DUPLICATE_METHOD_MATCH = YES;
				COPY_PHASE_STRIP = NO;
				DEBUG_INFORMATION_FORMAT = dwarf;
				ENABLE_STRICT_OBJC_MSGSEND = YES;
				ENABLE_TESTABILITY = YES;
				GCC_C_LANGUAGE_STANDARD = gnu11;
				GCC_DYNAMIC_NO_PIC = NO;
				GCC_NO_COMMON_BLOCKS = YES;
				GCC_OPTIMIZATION_LEVEL = 0;
				GCC_PREPROCESSOR_DEFINITIONS = (
					"DEBUG=1",
					"$(inherited)",
				);
				GCC_WARN_64_TO_32_BIT_CONVERSION = YES;
				GCC_WARN_ABOUT_RETURN_TYPE = YES_ERROR;
				GCC_WARN_UNDECLARED_SELECTOR = YES;
				GCC_WARN_UNINITIALIZED_AUTOS = YES_AGGRESSIVE;
				GCC_WARN_UNUSED_FUNCTION = YES;
				GCC_WARN_UNUSED_VARIABLE = YES;
				IPHONEOS_DEPLOYMENT_TARGET = 16.4;
				MTL_ENABLE_DEBUG_INFO = INCLUDE_SOURCE;
				MTL_FAST_MATH = YES;
				ONLY_ACTIVE_ARCH = YES;
				SDKROOT = iphoneos;
			};
			name = Debug;
		};
		4F9C241029E8DE300032E3BD /* Release */ = {
			isa = XCBuildConfiguration;
			buildSettings = {
				ALWAYS_SEARCH_USER_PATHS = NO;
				CLANG_ANALYZER_NONNULL = YES;
				CLANG_ANALYZER_NUMBER_OBJECT_CONVERSION = YES_AGGRESSIVE;
				CLANG_CXX_LANGUAGE_STANDARD = "gnu++20";
				CLANG_ENABLE_MODULES = YES;
				CLANG_ENABLE_OBJC_ARC = YES;
				CLANG_ENABLE_OBJC_WEAK = YES;
				CLANG_WARN_BLOCK_CAPTURE_AUTORELEASING = YES;
				CLANG_WARN_BOOL_CONVERSION = YES;
				CLANG_WARN_COMMA = YES;
				CLANG_WARN_CONSTANT_CONVERSION = YES;
				CLANG_WARN_DEPRECATED_OBJC_IMPLEMENTATIONS = YES;
				CLANG_WARN_DIRECT_OBJC_ISA_USAGE = YES_ERROR;
				CLANG_WARN_DOCUMENTATION_COMMENTS = YES;
				CLANG_WARN_EMPTY_BODY = YES;
				CLANG_WARN_ENUM_CONVERSION = YES;
				CLANG_WARN_INFINITE_RECURSION = YES;
				CLANG_WARN_INT_CONVERSION = YES;
				CLANG_WARN_NON_LITERAL_NULL_CONVERSION = YES;
				CLANG_WARN_OBJC_IMPLICIT_RETAIN_SELF = YES;
				CLANG_WARN_OBJC_LITERAL_CONVERSION = YES;
				CLANG_WARN_OBJC_ROOT_CLASS = YES_ERROR;
				CLANG_WARN_QUOTED_INCLUDE_IN_FRAMEWORK_HEADER = YES;
				CLANG_WARN_RANGE_LOOP_ANALYSIS = YES;
				CLANG_WARN_STRICT_PROTOTYPES = YES;
				CLANG_WARN_SUSPICIOUS_MOVE = YES;
				CLANG_WARN_UNGUARDED_AVAILABILITY = YES_AGGRESSIVE;
				CLANG_WARN_UNREACHABLE_CODE = YES;
				CLANG_WARN__DUPLICATE_METHOD_MATCH = YES;
				COPY_PHASE_STRIP = NO;
				DEBUG_INFORMATION_FORMAT = "dwarf-with-dsym";
				ENABLE_NS_ASSERTIONS = NO;
				ENABLE_STRICT_OBJC_MSGSEND = YES;
				GCC_C_LANGUAGE_STANDARD = gnu11;
				GCC_NO_COMMON_BLOCKS = YES;
				GCC_WARN_64_TO_32_BIT_CONVERSION = YES;
				GCC_WARN_ABOUT_RETURN_TYPE = YES_ERROR;
				GCC_WARN_UNDECLARED_SELECTOR = YES;
				GCC_WARN_UNINITIALIZED_AUTOS = YES_AGGRESSIVE;
				GCC_WARN_UNUSED_FUNCTION = YES;
				GCC_WARN_UNUSED_VARIABLE = YES;
				IPHONEOS_DEPLOYMENT_TARGET = 16.4;
				MTL_ENABLE_DEBUG_INFO = NO;
				MTL_FAST_MATH = YES;
				SDKROOT = iphoneos;
				VALIDATE_PRODUCT = YES;
			};
			name = Release;
		};
		4F9C241229E8DE300032E3BD /* Debug */ = {
			isa = XCBuildConfiguration;
			buildSettings = {
				ASSETCATALOG_COMPILER_APPICON_NAME = AppIcon;
				ASSETCATALOG_COMPILER_GLOBAL_ACCENT_COLOR_NAME = AccentColor;
				CODE_SIGN_STYLE = Automatic;
				CURRENT_PROJECT_VERSION = 1;
				DEVELOPMENT_TEAM = P53D29U9LJ;
				GENERATE_INFOPLIST_FILE = YES;
				INFOPLIST_FILE = Chapter7/Info.plist;
				INFOPLIST_KEY_UIApplicationSupportsIndirectInputEvents = YES;
				INFOPLIST_KEY_UILaunchStoryboardName = LaunchScreen;
				INFOPLIST_KEY_UIMainStoryboardFile = Main;
				INFOPLIST_KEY_UISupportedInterfaceOrientations_iPad = "UIInterfaceOrientationPortrait UIInterfaceOrientationPortraitUpsideDown UIInterfaceOrientationLandscapeLeft UIInterfaceOrientationLandscapeRight";
				INFOPLIST_KEY_UISupportedInterfaceOrientations_iPhone = "UIInterfaceOrientationPortrait UIInterfaceOrientationLandscapeLeft UIInterfaceOrientationLandscapeRight";
				LD_RUNPATH_SEARCH_PATHS = (
					"$(inherited)",
					"@executable_path/Frameworks",
				);
				MARKETING_VERSION = 1.0;
				PRODUCT_BUNDLE_IDENTIFIER = co.pixo.Chapter7;
				PRODUCT_NAME = "$(TARGET_NAME)";
				SWIFT_EMIT_LOC_STRINGS = YES;
				TARGETED_DEVICE_FAMILY = "1,2";
			};
			name = Debug;
		};
		4F9C241329E8DE300032E3BD /* Release */ = {
			isa = XCBuildConfiguration;
			buildSettings = {
				ASSETCATALOG_COMPILER_APPICON_NAME = AppIcon;
				ASSETCATALOG_COMPILER_GLOBAL_ACCENT_COLOR_NAME = AccentColor;
				CODE_SIGN_STYLE = Automatic;
				CURRENT_PROJECT_VERSION = 1;
				DEVELOPMENT_TEAM = P53D29U9LJ;
				GENERATE_INFOPLIST_FILE = YES;
				INFOPLIST_FILE = Chapter7/Info.plist;
				INFOPLIST_KEY_UIApplicationSupportsIndirectInputEvents = YES;
				INFOPLIST_KEY_UILaunchStoryboardName = LaunchScreen;
				INFOPLIST_KEY_UIMainStoryboardFile = Main;
				INFOPLIST_KEY_UISupportedInterfaceOrientations_iPad = "UIInterfaceOrientationPortrait UIInterfaceOrientationPortraitUpsideDown UIInterfaceOrientationLandscapeLeft UIInterfaceOrientationLandscapeRight";
				INFOPLIST_KEY_UISupportedInterfaceOrientations_iPhone = "UIInterfaceOrientationPortrait UIInterfaceOrientationLandscapeLeft UIInterfaceOrientationLandscapeRight";
				LD_RUNPATH_SEARCH_PATHS = (
					"$(inherited)",
					"@executable_path/Frameworks",
				);
				MARKETING_VERSION = 1.0;
				PRODUCT_BUNDLE_IDENTIFIER = co.pixo.Chapter7;
				PRODUCT_NAME = "$(TARGET_NAME)";
				SWIFT_EMIT_LOC_STRINGS = YES;
				TARGETED_DEVICE_FAMILY = "1,2";
			};
			name = Release;
		};
/* End XCBuildConfiguration section */

/* Begin XCConfigurationList section */
		4F9C23F329E8DE2F0032E3BD /* Build configuration list for PBXProject "Chapter7" */ = {
			isa = XCConfigurationList;
			buildConfigurations = (
				4F9C240F29E8DE300032E3BD /* Debug */,
				4F9C241029E8DE300032E3BD /* Release */,
			);
			defaultConfigurationIsVisible = 0;
			defaultConfigurationName = Release;
		};
		4F9C241129E8DE300032E3BD /* Build configuration list for PBXNativeTarget "Chapter7" */ = {
			isa = XCConfigurationList;
			buildConfigurations = (
				4F9C241229E8DE300032E3BD /* Debug */,
				4F9C241329E8DE300032E3BD /* Release */,
			);
			defaultConfigurationIsVisible = 0;
			defaultConfigurationName = Release;
		};
/* End XCConfigurationList section */
	};
	rootObject = 4F9C23F029E8DE2F0032E3BD /* Project object */;
}
